
Microsoft Visual Studio Solution File, Format Version 12.00
# Visual Studio Version 17
VisualStudioVersion = 17.6.33815.320
MinimumVisualStudioVersion = 10.0.40219.1
Project("{FAE04EC0-301F-11D3-BF4B-00C04F79EFBC}") = "ИС ККТД", "ИС ККТД\ИС ККТД.csproj", "{046F17AC-31ED-441E-B66C-0397ED51231C}"
EndProject
Project("{54435603-DBB4-11D2-8724-00A0C9A8B90C}") = "Setup", "Setup\Setup.vdproj", "{A649414F-33C9-4765-A24B-BA426EE72715}"
EndProject
Global
	GlobalSection(SolutionConfigurationPlatforms) = preSolution
		Debug|Any CPU = Debug|Any CPU
		Release|Any CPU = Release|Any CPU
	EndGlobalSection
	GlobalSection(ProjectConfigurationPlatforms) = postSolution
		{046F17AC-31ED-441E-B66C-0397ED51231C}.Debug|Any CPU.ActiveCfg = Debug|Any CPU
		{046F17AC-31ED-441E-B66C-0397ED51231C}.Debug|Any CPU.Build.0 = Debug|Any CPU
		{046F17AC-31ED-441E-B66C-0397ED51231C}.Release|Any CPU.ActiveCfg = Release|Any CPU
		{046F17AC-31ED-441E-B66C-0397ED51231C}.Release|Any CPU.Build.0 = Release|Any CPU
		{A649414F-33C9-4765-A24B-BA426EE72715}.Debug|Any CPU.ActiveCfg = Debug
		{A649414F-33C9-4765-A24B-BA426EE72715}.Release|Any CPU.ActiveCfg = Release
	EndGlobalSection
	GlobalSection(SolutionProperties) = preSolution
		HideSolutionNode = FALSE
	EndGlobalSection
	GlobalSection(ExtensibilityGlobals) = postSolution
		SolutionGuid = {97A665C5-C6C7-484C-85D0-B8080B3FEB42}
	EndGlobalSection
EndGlobal
